// !$*UTF8*$!
{
	archiveVersion = 1;
	classes = {
	};
	objectVersion = 56;
	objects = {

/* Begin PBXBuildFile section */
		A15B77212B963DEC00B8D11A /* SimpleBirthReminderApp.swift in Sources */ = {isa = PBXBuildFile; fileRef = A15B77202B963DEC00B8D11A /* SimpleBirthReminderApp.swift */; };
		A15B77272B963DED00B8D11A /* Assets.xcassets in Resources */ = {isa = PBXBuildFile; fileRef = A15B77262B963DED00B8D11A /* Assets.xcassets */; };
		A15B772A2B963DED00B8D11A /* Preview Assets.xcassets in Resources */ = {isa = PBXBuildFile; fileRef = A15B77292B963DED00B8D11A /* Preview Assets.xcassets */; };
		A15B77322B963FAF00B8D11A /* Birthday.swift in Sources */ = {isa = PBXBuildFile; fileRef = A15B77312B963FAF00B8D11A /* Birthday.swift */; };
		A15B77362B96432F00B8D11A /* HomeView.swift in Sources */ = {isa = PBXBuildFile; fileRef = A15B77352B96432F00B8D11A /* HomeView.swift */; };
		A15B77382B96437600B8D11A /* AddBirthdayView.swift in Sources */ = {isa = PBXBuildFile; fileRef = A15B77372B96437600B8D11A /* AddBirthdayView.swift */; };
		A15B773C2B9649E100B8D11A /* BirthdayViewModel.swift in Sources */ = {isa = PBXBuildFile; fileRef = A15B773B2B9649E100B8D11A /* BirthdayViewModel.swift */; };
/* End PBXBuildFile section */

/* Begin PBXFileReference section */
		A15B771D2B963DEC00B8D11A /* SimpleBirthReminder.app */ = {isa = PBXFileReference; explicitFileType = wrapper.application; includeInIndex = 0; path = SimpleBirthReminder.app; sourceTree = BUILT_PRODUCTS_DIR; };
		A15B77202B963DEC00B8D11A /* SimpleBirthReminderApp.swift */ = {isa = PBXFileReference; lastKnownFileType = sourcecode.swift; path = SimpleBirthReminderApp.swift; sourceTree = "<group>"; };
		A15B77262B963DED00B8D11A /* Assets.xcassets */ = {isa = PBXFileReference; lastKnownFileType = folder.assetcatalog; path = Assets.xcassets; sourceTree = "<group>"; };
		A15B77292B963DED00B8D11A /* Preview Assets.xcassets */ = {isa = PBXFileReference; lastKnownFileType = folder.assetcatalog; path = "Preview Assets.xcassets"; sourceTree = "<group>"; };
		A15B77312B963FAF00B8D11A /* Birthday.swift */ = {isa = PBXFileReference; lastKnownFileType = sourcecode.swift; path = Birthday.swift; sourceTree = "<group>"; };
		A15B77352B96432F00B8D11A /* HomeView.swift */ = {isa = PBXFileReference; lastKnownFileType = sourcecode.swift; path = HomeView.swift; sourceTree = "<group>"; };
		A15B77372B96437600B8D11A /* AddBirthdayView.swift */ = {isa = PBXFileReference; lastKnownFileType = sourcecode.swift; path = AddBirthdayView.swift; sourceTree = "<group>"; };
		A15B773B2B9649E100B8D11A /* BirthdayViewModel.swift */ = {isa = PBXFileReference; lastKnownFileType = sourcecode.swift; path = BirthdayViewModel.swift; sourceTree = "<group>"; };
/* End PBXFileReference section */

/* Begin PBXFrameworksBuildPhase section */
		A15B771A2B963DEC00B8D11A /* Frameworks */ = {
			isa = PBXFrameworksBuildPhase;
			buildActionMask = 2147483647;
			files = (
			);
			runOnlyForDeploymentPostprocessing = 0;
		};
/* End PBXFrameworksBuildPhase section */

/* Begin PBXGroup section */
		A15B77142B963DEC00B8D11A = {
			isa = PBXGroup;
			children = (
				A15B771F2B963DEC00B8D11A /* SimpleBirthReminder */,
				A15B771E2B963DEC00B8D11A /* Products */,
			);
			sourceTree = "<group>";
		};
		A15B771E2B963DEC00B8D11A /* Products */ = {
			isa = PBXGroup;
			children = (
				A15B771D2B963DEC00B8D11A /* SimpleBirthReminder.app */,
			);
			name = Products;
			sourceTree = "<group>";
		};
		A15B771F2B963DEC00B8D11A /* SimpleBirthReminder */ = {
			isa = PBXGroup;
			children = (
				A15B77332B96417B00B8D11A /* App */,
				A15B77302B963F8200B8D11A /* Models */,
				A15B77342B96431F00B8D11A /* Views */,
				A15B773A2B9649B400B8D11A /* ViewModels */,
				A15B77262B963DED00B8D11A /* Assets.xcassets */,
				A15B77282B963DED00B8D11A /* Preview Content */,
			);
			path = SimpleBirthReminder;
			sourceTree = "<group>";
		};
		A15B77282B963DED00B8D11A /* Preview Content */ = {
			isa = PBXGroup;
			children = (
				A15B77292B963DED00B8D11A /* Preview Assets.xcassets */,
			);
			path = "Preview Content";
			sourceTree = "<group>";
		};
		A15B77302B963F8200B8D11A /* Models */ = {
			isa = PBXGroup;
			children = (
				A15B77312B963FAF00B8D11A /* Birthday.swift */,
			);
			path = Models;
			sourceTree = "<group>";
		};
		A15B77332B96417B00B8D11A /* App */ = {
			isa = PBXGroup;
			children = (
				A15B77202B963DEC00B8D11A /* SimpleBirthReminderApp.swift */,
			);
			path = App;
			sourceTree = "<group>";
		};
		A15B77342B96431F00B8D11A /* Views */ = {
			isa = PBXGroup;
			children = (
				A15B77352B96432F00B8D11A /* HomeView.swift */,
				A15B77372B96437600B8D11A /* AddBirthdayView.swift */,
			);
			path = Views;
			sourceTree = "<group>";
		};
		A15B773A2B9649B400B8D11A /* ViewModels */ = {
			isa = PBXGroup;
			children = (
				A15B773B2B9649E100B8D11A /* BirthdayViewModel.swift */,
			);
			path = ViewModels;
			sourceTree = "<group>";
		};
/* End PBXGroup section */

/* Begin PBXNativeTarget section */
		A15B771C2B963DEC00B8D11A /* SimpleBirthReminder */ = {
			isa = PBXNativeTarget;
			buildConfigurationList = A15B772D2B963DED00B8D11A /* Build configuration list for PBXNativeTarget "SimpleBirthReminder" */;
			buildPhases = (
				A15B77192B963DEC00B8D11A /* Sources */,
				A15B771A2B963DEC00B8D11A /* Frameworks */,
				A15B771B2B963DEC00B8D11A /* Resources */,
			);
			buildRules = (
			);
			dependencies = (
			);
			name = SimpleBirthReminder;
			productName = SimpleBirthReminder;
			productReference = A15B771D2B963DEC00B8D11A /* SimpleBirthReminder.app */;
			productType = "com.apple.product-type.application";
		};
/* End PBXNativeTarget section */

/* Begin PBXProject section */
		A15B77152B963DEC00B8D11A /* Project object */ = {
			isa = PBXProject;
			attributes = {
				BuildIndependentTargetsInParallel = 1;
				LastSwiftUpdateCheck = 1520;
				LastUpgradeCheck = 1520;
				TargetAttributes = {
					A15B771C2B963DEC00B8D11A = {
						CreatedOnToolsVersion = 15.2;
					};
				};
			};
			buildConfigurationList = A15B77182B963DEC00B8D11A /* Build configuration list for PBXProject "SimpleBirthReminder" */;
			compatibilityVersion = "Xcode 14.0";
			developmentRegion = en;
			hasScannedForEncodings = 0;
			knownRegions = (
				en,
				Base,
			);
			mainGroup = A15B77142B963DEC00B8D11A;
			productRefGroup = A15B771E2B963DEC00B8D11A /* Products */;
			projectDirPath = "";
			projectRoot = "";
			targets = (
				A15B771C2B963DEC00B8D11A /* SimpleBirthReminder */,
			);
		};
/* End PBXProject section */

/* Begin PBXResourcesBuildPhase section */
		A15B771B2B963DEC00B8D11A /* Resources */ = {
			isa = PBXResourcesBuildPhase;
			buildActionMask = 2147483647;
			files = (
				A15B772A2B963DED00B8D11A /* Preview Assets.xcassets in Resources */,
				A15B77272B963DED00B8D11A /* Assets.xcassets in Resources */,
			);
			runOnlyForDeploymentPostprocessing = 0;
		};
/* End PBXResourcesBuildPhase section */

/* Begin PBXSourcesBuildPhase section */
		A15B77192B963DEC00B8D11A /* Sources */ = {
			isa = PBXSourcesBuildPhase;
			buildActionMask = 2147483647;
			files = (
				A15B77322B963FAF00B8D11A /* Birthday.swift in Sources */,
				A15B77382B96437600B8D11A /* AddBirthdayView.swift in Sources */,
				A15B77362B96432F00B8D11A /* HomeView.swift in Sources */,
				A15B773C2B9649E100B8D11A /* BirthdayViewModel.swift in Sources */,
				A15B77212B963DEC00B8D11A /* SimpleBirthReminderApp.swift in Sources */,
			);
			runOnlyForDeploymentPostprocessing = 0;
		};
/* End PBXSourcesBuildPhase section */

/* Begin XCBuildConfiguration section */
		A15B772B2B963DED00B8D11A /* Debug */ = {
			isa = XCBuildConfiguration;
			buildSettings = {
				ALWAYS_SEARCH_USER_PATHS = NO;
				ASSETCATALOG_COMPILER_GENERATE_SWIFT_ASSET_SYMBOL_EXTENSIONS = YES;
				CLANG_ANALYZER_NONNULL = YES;
				CLANG_ANALYZER_NUMBER_OBJECT_CONVERSION = YES_AGGRESSIVE;
				CLANG_CXX_LANGUAGE_STANDARD = "gnu++20";
				CLANG_ENABLE_MODULES = YES;
				CLANG_ENABLE_OBJC_ARC = YES;
				CLANG_ENABLE_OBJC_WEAK = YES;
				CLANG_WARN_BLOCK_CAPTURE_AUTORELEASING = YES;
				CLANG_WARN_BOOL_CONVERSION = YES;
				CLANG_WARN_COMMA = YES;
				CLANG_WARN_CONSTANT_CONVERSION = YES;
				CLANG_WARN_DEPRECATED_OBJC_IMPLEMENTATIONS = YES;
				CLANG_WARN_DIRECT_OBJC_ISA_USAGE = YES_ERROR;
				CLANG_WARN_DOCUMENTATION_COMMENTS = YES;
				CLANG_WARN_EMPTY_BODY = YES;
				CLANG_WARN_ENUM_CONVERSION = YES;
				CLANG_WARN_INFINITE_RECURSION = YES;
				CLANG_WARN_INT_CONVERSION = YES;
				CLANG_WARN_NON_LITERAL_NULL_CONVERSION = YES;
				CLANG_WARN_OBJC_IMPLICIT_RETAIN_SELF = YES;
				CLANG_WARN_OBJC_LITERAL_CONVERSION = YES;
				CLANG_WARN_OBJC_ROOT_CLASS = YES_ERROR;
				CLANG_WARN_QUOTED_INCLUDE_IN_FRAMEWORK_HEADER = YES;
				CLANG_WARN_RANGE_LOOP_ANALYSIS = YES;
				CLANG_WARN_STRICT_PROTOTYPES = YES;
				CLANG_WARN_SUSPICIOUS_MOVE = YES;
				CLANG_WARN_UNGUARDED_AVAILABILITY = YES_AGGRESSIVE;
				CLANG_WARN_UNREACHABLE_CODE = YES;
				CLANG_WARN__DUPLICATE_METHOD_MATCH = YES;
				COPY_PHASE_STRIP = NO;
				DEBUG_INFORMATION_FORMAT = dwarf;
				ENABLE_STRICT_OBJC_MSGSEND = YES;
				ENABLE_TESTABILITY = YES;
				ENABLE_USER_SCRIPT_SANDBOXING = YES;
				GCC_C_LANGUAGE_STANDARD = gnu17;
				GCC_DYNAMIC_NO_PIC = NO;
				GCC_NO_COMMON_BLOCKS = YES;
				GCC_OPTIMIZATION_LEVEL = 0;
				GCC_PREPROCESSOR_DEFINITIONS = (
					"DEBUG=1",
					"$(inherited)",
				);
				GCC_WARN_64_TO_32_BIT_CONVERSION = YES;
				GCC_WARN_ABOUT_RETURN_TYPE = YES_ERROR;
				GCC_WARN_UNDECLARED_SELECTOR = YES;
				GCC_WARN_UNINITIALIZED_AUTOS = YES_AGGRESSIVE;
				GCC_WARN_UNUSED_FUNCTION = YES;
				GCC_WARN_UNUSED_VARIABLE = YES;
				IPHONEOS_DEPLOYMENT_TARGET = 17.2;
				LOCALIZATION_PREFERS_STRING_CATALOGS = YES;
				MTL_ENABLE_DEBUG_INFO = INCLUDE_SOURCE;
				MTL_FAST_MATH = YES;
				ONLY_ACTIVE_ARCH = YES;
				SDKROOT = iphoneos;
				SWIFT_ACTIVE_COMPILATION_CONDITIONS = "DEBUG $(inherited)";
				SWIFT_OPTIMIZATION_LEVEL = "-Onone";
			};
			name = Debug;
		};
		A15B772C2B963DED00B8D11A /* Release */ = {
			isa = XCBuildConfiguration;
			buildSettings = {
				ALWAYS_SEARCH_USER_PATHS = NO;
				ASSETCATALOG_COMPILER_GENERATE_SWIFT_ASSET_SYMBOL_EXTENSIONS = YES;
				CLANG_ANALYZER_NONNULL = YES;
				CLANG_ANALYZER_NUMBER_OBJECT_CONVERSION = YES_AGGRESSIVE;
				CLANG_CXX_LANGUAGE_STANDARD = "gnu++20";
				CLANG_ENABLE_MODULES = YES;
				CLANG_ENABLE_OBJC_ARC = YES;
				CLANG_ENABLE_OBJC_WEAK = YES;
				CLANG_WARN_BLOCK_CAPTURE_AUTORELEASING = YES;
				CLANG_WARN_BOOL_CONVERSION = YES;
				CLANG_WARN_COMMA = YES;
				CLANG_WARN_CONSTANT_CONVERSION = YES;
				CLANG_WARN_DEPRECATED_OBJC_IMPLEMENTATIONS = YES;
				CLANG_WARN_DIRECT_OBJC_ISA_USAGE = YES_ERROR;
				CLANG_WARN_DOCUMENTATION_COMMENTS = YES;
				CLANG_WARN_EMPTY_BODY = YES;
				CLANG_WARN_ENUM_CONVERSION = YES;
				CLANG_WARN_INFINITE_RECURSION = YES;
				CLANG_WARN_INT_CONVERSION = YES;
				CLANG_WARN_NON_LITERAL_NULL_CONVERSION = YES;
				CLANG_WARN_OBJC_IMPLICIT_RETAIN_SELF = YES;
				CLANG_WARN_OBJC_LITERAL_CONVERSION = YES;
				CLANG_WARN_OBJC_ROOT_CLASS = YES_ERROR;
				CLANG_WARN_QUOTED_INCLUDE_IN_FRAMEWORK_HEADER = YES;
				CLANG_WARN_RANGE_LOOP_ANALYSIS = YES;
				CLANG_WARN_STRICT_PROTOTYPES = YES;
				CLANG_WARN_SUSPICIOUS_MOVE = YES;
				CLANG_WARN_UNGUARDED_AVAILABILITY = YES_AGGRESSIVE;
				CLANG_WARN_UNREACHABLE_CODE = YES;
				CLANG_WARN__DUPLICATE_METHOD_MATCH = YES;
				COPY_PHASE_STRIP = NO;
				DEBUG_INFORMATION_FORMAT = "dwarf-with-dsym";
				ENABLE_NS_ASSERTIONS = NO;
				ENABLE_STRICT_OBJC_MSGSEND = YES;
				ENABLE_USER_SCRIPT_SANDBOXING = YES;
				GCC_C_LANGUAGE_STANDARD = gnu17;
				GCC_NO_COMMON_BLOCKS = YES;
				GCC_WARN_64_TO_32_BIT_CONVERSION = YES;
				GCC_WARN_ABOUT_RETURN_TYPE = YES_ERROR;
				GCC_WARN_UNDECLARED_SELECTOR = YES;
				GCC_WARN_UNINITIALIZED_AUTOS = YES_AGGRESSIVE;
				GCC_WARN_UNUSED_FUNCTION = YES;
				GCC_WARN_UNUSED_VARIABLE = YES;
				IPHONEOS_DEPLOYMENT_TARGET = 17.2;
				LOCALIZATION_PREFERS_STRING_CATALOGS = YES;
				MTL_ENABLE_DEBUG_INFO = NO;
				MTL_FAST_MATH = YES;
				SDKROOT = iphoneos;
				SWIFT_COMPILATION_MODE = wholemodule;
				VALIDATE_PRODUCT = YES;
			};
			name = Release;
		};
		A15B772E2B963DED00B8D11A /* Debug */ = {
			isa = XCBuildConfiguration;
			buildSettings = {
				ASSETCATALOG_COMPILER_APPICON_NAME = AppIcon;
				ASSETCATALOG_COMPILER_GLOBAL_ACCENT_COLOR_NAME = AccentColor;
				CODE_SIGN_STYLE = Automatic;
				CURRENT_PROJECT_VERSION = 1;
				DEVELOPMENT_ASSET_PATHS = "\"SimpleBirthReminder/Preview Content\"";
				DEVELOPMENT_TEAM = 59XYW74885;
				ENABLE_PREVIEWS = YES;
				GENERATE_INFOPLIST_FILE = YES;
				INFOPLIST_KEY_UIApplicationSceneManifest_Generation = YES;
				INFOPLIST_KEY_UIApplicationSupportsIndirectInputEvents = YES;
				INFOPLIST_KEY_UILaunchScreen_Generation = YES;
				INFOPLIST_KEY_UISupportedInterfaceOrientations_iPad = "UIInterfaceOrientationPortrait UIInterfaceOrientationPortraitUpsideDown UIInterfaceOrientationLandscapeLeft UIInterfaceOrientationLandscapeRight";
				INFOPLIST_KEY_UISupportedInterfaceOrientations_iPhone = "UIInterfaceOrientationPortrait UIInterfaceOrientationLandscapeLeft UIInterfaceOrientationLandscapeRight";
				LD_RUNPATH_SEARCH_PATHS = (
					"$(inherited)",
					"@executable_path/Frameworks",
				);
				MARKETING_VERSION = 1.0;
				PRODUCT_BUNDLE_IDENTIFIER = com.withnico.SimpleBirthReminder;
				PRODUCT_NAME = "$(TARGET_NAME)";
				SWIFT_EMIT_LOC_STRINGS = YES;
				SWIFT_VERSION = 5.0;
				TARGETED_DEVICE_FAMILY = "1,2";
			};
			name = Debug;
		};
		A15B772F2B963DED00B8D11A /* Release */ = {
			isa = XCBuildConfiguration;
			buildSettings = {
				ASSETCATALOG_COMPILER_APPICON_NAME = AppIcon;
				ASSETCATALOG_COMPILER_GLOBAL_ACCENT_COLOR_NAME = AccentColor;
				CODE_SIGN_STYLE = Automatic;
				CURRENT_PROJECT_VERSION = 1;
				DEVELOPMENT_ASSET_PATHS = "\"SimpleBirthReminder/Preview Content\"";
				DEVELOPMENT_TEAM = 59XYW74885;
				ENABLE_PREVIEWS = YES;
				GENERATE_INFOPLIST_FILE = YES;
				INFOPLIST_KEY_UIApplicationSceneManifest_Generation = YES;
				INFOPLIST_KEY_UIApplicationSupportsIndirectInputEvents = YES;
				INFOPLIST_KEY_UILaunchScreen_Generation = YES;
				INFOPLIST_KEY_UISupportedInterfaceOrientations_iPad = "UIInterfaceOrientationPortrait UIInterfaceOrientationPortraitUpsideDown UIInterfaceOrientationLandscapeLeft UIInterfaceOrientationLandscapeRight";
				INFOPLIST_KEY_UISupportedInterfaceOrientations_iPhone = "UIInterfaceOrientationPortrait UIInterfaceOrientationLandscapeLeft UIInterfaceOrientationLandscapeRight";
				LD_RUNPATH_SEARCH_PATHS = (
					"$(inherited)",
					"@executable_path/Frameworks",
				);
				MARKETING_VERSION = 1.0;
				PRODUCT_BUNDLE_IDENTIFIER = com.withnico.SimpleBirthReminder;
				PRODUCT_NAME = "$(TARGET_NAME)";
				SWIFT_EMIT_LOC_STRINGS = YES;
				SWIFT_VERSION = 5.0;
				TARGETED_DEVICE_FAMILY = "1,2";
			};
			name = Release;
		};
/* End XCBuildConfiguration section */

/* Begin XCConfigurationList section */
		A15B77182B963DEC00B8D11A /* Build configuration list for PBXProject "SimpleBirthReminder" */ = {
			isa = XCConfigurationList;
			buildConfigurations = (
				A15B772B2B963DED00B8D11A /* Debug */,
				A15B772C2B963DED00B8D11A /* Release */,
			);
			defaultConfigurationIsVisible = 0;
			defaultConfigurationName = Release;
		};
		A15B772D2B963DED00B8D11A /* Build configuration list for PBXNativeTarget "SimpleBirthReminder" */ = {
			isa = XCConfigurationList;
			buildConfigurations = (
				A15B772E2B963DED00B8D11A /* Debug */,
				A15B772F2B963DED00B8D11A /* Release */,
			);
			defaultConfigurationIsVisible = 0;
			defaultConfigurationName = Release;
		};
/* End XCConfigurationList section */
	};
	rootObject = A15B77152B963DEC00B8D11A /* Project object */;
}
